%{
  "eliver": {:hex, :eliver, "2.0.3", "ddfb3a9e77028298dd8cb9d91bfe16a39db67a1f43830bb8f1c3ad085a9c96fe", [:mix], [{:enquirer, "~> 0.1.0", [hex: :enquirer, repo: "hexpm", optional: false]}], "hexpm", "bd2434db0bb850f2b304e77b29565646411235fadff89ad023787e6f52ce1e87"},
  "enquirer": {:hex, :enquirer, "0.1.0", "96ca1a330c919652db4baed6cf572d8c9957a8a305365c54490262c337996a18", [:mix], [], "hexpm", "59445208ad96171f10b2d21bc35032f6f7a49aa4cfd5d13d18f93730c49140bb"},
}
